// !$*UTF8*$!
{
	archiveVersion = 1;
	classes = {
	};
	objectVersion = 46;
	objects = {

/* Begin PBXBuildFile section */
		01A6C3A117E0587200CED64D /* Foundation.framework in Frameworks */ = {isa = PBXBuildFile; fileRef = 01A6C3A017E0587200CED64D /* Foundation.framework */; };
		01A6C3A317E0587200CED64D /* CoreGraphics.framework in Frameworks */ = {isa = PBXBuildFile; fileRef = 01A6C3A217E0587200CED64D /* CoreGraphics.framework */; };
		01A6C3A517E0587200CED64D /* UIKit.framework in Frameworks */ = {isa = PBXBuildFile; fileRef = 01A6C3A417E0587200CED64D /* UIKit.framework */; };
		01A6C3AB17E0587200CED64D /* InfoPlist.strings in Resources */ = {isa = PBXBuildFile; fileRef = 01A6C3A917E0587200CED64D /* InfoPlist.strings */; };
		01A6C3AD17E0587200CED64D /* main.m in Sources */ = {isa = PBXBuildFile; fileRef = 01A6C3AC17E0587200CED64D /* main.m */; };
		01A6C3B117E0587200CED64D /* AppDelegate.m in Sources */ = {isa = PBXBuildFile; fileRef = 01A6C3B017E0587200CED64D /* AppDelegate.m */; };
		01A6C3B417E0587200CED64D /* Main.storyboard in Resources */ = {isa = PBXBuildFile; fileRef = 01A6C3B217E0587200CED64D /* Main.storyboard */; };
		01A6C3B717E0587200CED64D /* ViewController.m in Sources */ = {isa = PBXBuildFile; fileRef = 01A6C3B617E0587200CED64D /* ViewController.m */; };
		01A6C3B917E0587200CED64D /* Images.xcassets in Resources */ = {isa = PBXBuildFile; fileRef = 01A6C3B817E0587200CED64D /* Images.xcassets */; };
		01A6C3C017E0587200CED64D /* XCTest.framework in Frameworks */ = {isa = PBXBuildFile; fileRef = 01A6C3BF17E0587200CED64D /* XCTest.framework */; };
		01A6C3C117E0587200CED64D /* Foundation.framework in Frameworks */ = {isa = PBXBuildFile; fileRef = 01A6C3A017E0587200CED64D /* Foundation.framework */; };
		01A6C3C217E0587200CED64D /* UIKit.framework in Frameworks */ = {isa = PBXBuildFile; fileRef = 01A6C3A417E0587200CED64D /* UIKit.framework */; };
		01A6C3CA17E0587200CED64D /* InfoPlist.strings in Resources */ = {isa = PBXBuildFile; fileRef = 01A6C3C817E0587200CED64D /* InfoPlist.strings */; };
		01A6C3CC17E0587200CED64D /* TumbleTests.m in Sources */ = {isa = PBXBuildFile; fileRef = 01A6C3CB17E0587200CED64D /* TumbleTests.m */; };
/* End PBXBuildFile section */

/* Begin PBXContainerItemProxy section */
		01A6C3C317E0587200CED64D /* PBXContainerItemProxy */ = {
			isa = PBXContainerItemProxy;
			containerPortal = 01A6C39517E0587200CED64D /* Project object */;
			proxyType = 1;
			remoteGlobalIDString = 01A6C39C17E0587200CED64D;
			remoteInfo = Tumble;
		};
/* End PBXContainerItemProxy section */

/* Begin PBXFileReference section */
		01A6C39D17E0587200CED64D /* Tumble.app */ = {isa = PBXFileReference; explicitFileType = wrapper.application; includeInIndex = 0; path = Tumble.app; sourceTree = BUILT_PRODUCTS_DIR; };
		01A6C3A017E0587200CED64D /* Foundation.framework */ = {isa = PBXFileReference; lastKnownFileType = wrapper.framework; name = Foundation.framework; path = System/Library/Frameworks/Foundation.framework; sourceTree = SDKROOT; };
		01A6C3A217E0587200CED64D /* CoreGraphics.framework */ = {isa = PBXFileReference; lastKnownFileType = wrapper.framework; name = CoreGraphics.framework; path = System/Library/Frameworks/CoreGraphics.framework; sourceTree = SDKROOT; };
		01A6C3A417E0587200CED64D /* UIKit.framework */ = {isa = PBXFileReference; lastKnownFileType = wrapper.framework; name = UIKit.framework; path = System/Library/Frameworks/UIKit.framework; sourceTree = SDKROOT; };
		01A6C3A817E0587200CED64D /* Tumble-Info.plist */ = {isa = PBXFileReference; lastKnownFileType = text.plist.xml; path = "Tumble-Info.plist"; sourceTree = "<group>"; };
		01A6C3AA17E0587200CED64D /* en */ = {isa = PBXFileReference; lastKnownFileType = text.plist.strings; name = en; path = en.lproj/InfoPlist.strings; sourceTree = "<group>"; };
		01A6C3AC17E0587200CED64D /* main.m */ = {isa = PBXFileReference; lastKnownFileType = sourcecode.c.objc; path = main.m; sourceTree = "<group>"; };
		01A6C3AE17E0587200CED64D /* Tumble-Prefix.pch */ = {isa = PBXFileReference; lastKnownFileType = sourcecode.c.h; path = "Tumble-Prefix.pch"; sourceTree = "<group>"; };
		01A6C3AF17E0587200CED64D /* AppDelegate.h */ = {isa = PBXFileReference; lastKnownFileType = sourcecode.c.h; path = AppDelegate.h; sourceTree = "<group>"; };
		01A6C3B017E0587200CED64D /* AppDelegate.m */ = {isa = PBXFileReference; lastKnownFileType = sourcecode.c.objc; path = AppDelegate.m; sourceTree = "<group>"; };
		01A6C3B317E0587200CED64D /* Base */ = {isa = PBXFileReference; lastKnownFileType = file.storyboard; name = Base; path = Base.lproj/Main.storyboard; sourceTree = "<group>"; };
		01A6C3B517E0587200CED64D /* ViewController.h */ = {isa = PBXFileReference; lastKnownFileType = sourcecode.c.h; path = ViewController.h; sourceTree = "<group>"; };
		01A6C3B617E0587200CED64D /* ViewController.m */ = {isa = PBXFileReference; lastKnownFileType = sourcecode.c.objc; path = ViewController.m; sourceTree = "<group>"; };
		01A6C3B817E0587200CED64D /* Images.xcassets */ = {isa = PBXFileReference; lastKnownFileType = folder.assetcatalog; path = Images.xcassets; sourceTree = "<group>"; };
		01A6C3BE17E0587200CED64D /* TumbleTests.xctest */ = {isa = PBXFileReference; explicitFileType = wrapper.cfbundle; includeInIndex = 0; path = TumbleTests.xctest; sourceTree = BUILT_PRODUCTS_DIR; };
		01A6C3BF17E0587200CED64D /* XCTest.framework */ = {isa = PBXFileReference; lastKnownFileType = wrapper.framework; name = XCTest.framework; path = Library/Frameworks/XCTest.framework; sourceTree = DEVELOPER_DIR; };
		01A6C3C717E0587200CED64D /* TumbleTests-Info.plist */ = {isa = PBXFileReference; lastKnownFileType = text.plist.xml; path = "TumbleTests-Info.plist"; sourceTree = "<group>"; };
		01A6C3C917E0587200CED64D /* en */ = {isa = PBXFileReference; lastKnownFileType = text.plist.strings; name = en; path = en.lproj/InfoPlist.strings; sourceTree = "<group>"; };
		01A6C3CB17E0587200CED64D /* TumbleTests.m */ = {isa = PBXFileReference; lastKnownFileType = sourcecode.c.objc; path = TumbleTests.m; sourceTree = "<group>"; };
/* End PBXFileReference section */

/* Begin PBXFrameworksBuildPhase section */
		01A6C39A17E0587200CED64D /* Frameworks */ = {
			isa = PBXFrameworksBuildPhase;
			buildActionMask = 2147483647;
			files = (
				01A6C3A317E0587200CED64D /* CoreGraphics.framework in Frameworks */,
				01A6C3A517E0587200CED64D /* UIKit.framework in Frameworks */,
				01A6C3A117E0587200CED64D /* Foundation.framework in Frameworks */,
			);
			runOnlyForDeploymentPostprocessing = 0;
		};
		01A6C3BB17E0587200CED64D /* Frameworks */ = {
			isa = PBXFrameworksBuildPhase;
			buildActionMask = 2147483647;
			files = (
				01A6C3C017E0587200CED64D /* XCTest.framework in Frameworks */,
				01A6C3C217E0587200CED64D /* UIKit.framework in Frameworks */,
				01A6C3C117E0587200CED64D /* Foundation.framework in Frameworks */,
			);
			runOnlyForDeploymentPostprocessing = 0;
		};
/* End PBXFrameworksBuildPhase section */

/* Begin PBXGroup section */
		01A6C39417E0587200CED64D = {
			isa = PBXGroup;
			children = (
				01A6C3A617E0587200CED64D /* Tumble */,
				01A6C3C517E0587200CED64D /* TumbleTests */,
				01A6C39F17E0587200CED64D /* Frameworks */,
				01A6C39E17E0587200CED64D /* Products */,
			);
			sourceTree = "<group>";
		};
		01A6C39E17E0587200CED64D /* Products */ = {
			isa = PBXGroup;
			children = (
				01A6C39D17E0587200CED64D /* Tumble.app */,
				01A6C3BE17E0587200CED64D /* TumbleTests.xctest */,
			);
			name = Products;
			sourceTree = "<group>";
		};
		01A6C39F17E0587200CED64D /* Frameworks */ = {
			isa = PBXGroup;
			children = (
				01A6C3A017E0587200CED64D /* Foundation.framework */,
				01A6C3A217E0587200CED64D /* CoreGraphics.framework */,
				01A6C3A417E0587200CED64D /* UIKit.framework */,
				01A6C3BF17E0587200CED64D /* XCTest.framework */,
			);
			name = Frameworks;
			sourceTree = "<group>";
		};
		01A6C3A617E0587200CED64D /* Tumble */ = {
			isa = PBXGroup;
			children = (
				01A6C3AF17E0587200CED64D /* AppDelegate.h */,
				01A6C3B017E0587200CED64D /* AppDelegate.m */,
				01A6C3B217E0587200CED64D /* Main.storyboard */,
				01A6C3B517E0587200CED64D /* ViewController.h */,
				01A6C3B617E0587200CED64D /* ViewController.m */,
				01A6C3B817E0587200CED64D /* Images.xcassets */,
				01A6C3A717E0587200CED64D /* Supporting Files */,
			);
			path = Tumble;
			sourceTree = "<group>";
		};
		01A6C3A717E0587200CED64D /* Supporting Files */ = {
			isa = PBXGroup;
			children = (
				01A6C3A817E0587200CED64D /* Tumble-Info.plist */,
				01A6C3A917E0587200CED64D /* InfoPlist.strings */,
				01A6C3AC17E0587200CED64D /* main.m */,
				01A6C3AE17E0587200CED64D /* Tumble-Prefix.pch */,
			);
			name = "Supporting Files";
			sourceTree = "<group>";
		};
		01A6C3C517E0587200CED64D /* TumbleTests */ = {
			isa = PBXGroup;
			children = (
				01A6C3CB17E0587200CED64D /* TumbleTests.m */,
				01A6C3C617E0587200CED64D /* Supporting Files */,
			);
			path = TumbleTests;
			sourceTree = "<group>";
		};
		01A6C3C617E0587200CED64D /* Supporting Files */ = {
			isa = PBXGroup;
			children = (
				01A6C3C717E0587200CED64D /* TumbleTests-Info.plist */,
				01A6C3C817E0587200CED64D /* InfoPlist.strings */,
			);
			name = "Supporting Files";
			sourceTree = "<group>";
		};
/* End PBXGroup section */

/* Begin PBXNativeTarget section */
		01A6C39C17E0587200CED64D /* Tumble */ = {
			isa = PBXNativeTarget;
			buildConfigurationList = 01A6C3CF17E0587200CED64D /* Build configuration list for PBXNativeTarget "Tumble" */;
			buildPhases = (
				01A6C39917E0587200CED64D /* Sources */,
				01A6C39A17E0587200CED64D /* Frameworks */,
				01A6C39B17E0587200CED64D /* Resources */,
			);
			buildRules = (
			);
			dependencies = (
			);
			name = Tumble;
			productName = Tumble;
			productReference = 01A6C39D17E0587200CED64D /* Tumble.app */;
			productType = "com.apple.product-type.application";
		};
		01A6C3BD17E0587200CED64D /* TumbleTests */ = {
			isa = PBXNativeTarget;
			buildConfigurationList = 01A6C3D217E0587200CED64D /* Build configuration list for PBXNativeTarget "TumbleTests" */;
			buildPhases = (
				01A6C3BA17E0587200CED64D /* Sources */,
				01A6C3BB17E0587200CED64D /* Frameworks */,
				01A6C3BC17E0587200CED64D /* Resources */,
			);
			buildRules = (
			);
			dependencies = (
				01A6C3C417E0587200CED64D /* PBXTargetDependency */,
			);
			name = TumbleTests;
			productName = TumbleTests;
			productReference = 01A6C3BE17E0587200CED64D /* TumbleTests.xctest */;
			productType = "com.apple.product-type.bundle.unit-test";
		};
/* End PBXNativeTarget section */

/* Begin PBXProject section */
		01A6C39517E0587200CED64D /* Project object */ = {
			isa = PBXProject;
			attributes = {
				LastUpgradeCheck = 0500;
				ORGANIZATIONNAME = "Aged and Distilled";
				TargetAttributes = {
					01A6C3BD17E0587200CED64D = {
						TestTargetID = 01A6C39C17E0587200CED64D;
					};
				};
			};
			buildConfigurationList = 01A6C39817E0587200CED64D /* Build configuration list for PBXProject "Tumble" */;
			compatibilityVersion = "Xcode 3.2";
			developmentRegion = English;
			hasScannedForEncodings = 0;
			knownRegions = (
				en,
				Base,
			);
			mainGroup = 01A6C39417E0587200CED64D;
			productRefGroup = 01A6C39E17E0587200CED64D /* Products */;
			projectDirPath = "";
			projectRoot = "";
			targets = (
				01A6C39C17E0587200CED64D /* Tumble */,
				01A6C3BD17E0587200CED64D /* TumbleTests */,
			);
		};
/* End PBXProject section */

/* Begin PBXResourcesBuildPhase section */
		01A6C39B17E0587200CED64D /* Resources */ = {
			isa = PBXResourcesBuildPhase;
			buildActionMask = 2147483647;
			files = (
				01A6C3B917E0587200CED64D /* Images.xcassets in Resources */,
				01A6C3AB17E0587200CED64D /* InfoPlist.strings in Resources */,
				01A6C3B417E0587200CED64D /* Main.storyboard in Resources */,
			);
			runOnlyForDeploymentPostprocessing = 0;
		};
		01A6C3BC17E0587200CED64D /* Resources */ = {
			isa = PBXResourcesBuildPhase;
			buildActionMask = 2147483647;
			files = (
				01A6C3CA17E0587200CED64D /* InfoPlist.strings in Resources */,
			);
			runOnlyForDeploymentPostprocessing = 0;
		};
/* End PBXResourcesBuildPhase section */

/* Begin PBXSourcesBuildPhase section */
		01A6C39917E0587200CED64D /* Sources */ = {
			isa = PBXSourcesBuildPhase;
			buildActionMask = 2147483647;
			files = (
				01A6C3B717E0587200CED64D /* ViewController.m in Sources */,
				01A6C3B117E0587200CED64D /* AppDelegate.m in Sources */,
				01A6C3AD17E0587200CED64D /* main.m in Sources */,
			);
			runOnlyForDeploymentPostprocessing = 0;
		};
		01A6C3BA17E0587200CED64D /* Sources */ = {
			isa = PBXSourcesBuildPhase;
			buildActionMask = 2147483647;
			files = (
				01A6C3CC17E0587200CED64D /* TumbleTests.m in Sources */,
			);
			runOnlyForDeploymentPostprocessing = 0;
		};
/* End PBXSourcesBuildPhase section */

/* Begin PBXTargetDependency section */
		01A6C3C417E0587200CED64D /* PBXTargetDependency */ = {
			isa = PBXTargetDependency;
			target = 01A6C39C17E0587200CED64D /* Tumble */;
			targetProxy = 01A6C3C317E0587200CED64D /* PBXContainerItemProxy */;
		};
/* End PBXTargetDependency section */

/* Begin PBXVariantGroup section */
		01A6C3A917E0587200CED64D /* InfoPlist.strings */ = {
			isa = PBXVariantGroup;
			children = (
				01A6C3AA17E0587200CED64D /* en */,
			);
			name = InfoPlist.strings;
			sourceTree = "<group>";
		};
		01A6C3B217E0587200CED64D /* Main.storyboard */ = {
			isa = PBXVariantGroup;
			children = (
				01A6C3B317E0587200CED64D /* Base */,
			);
			name = Main.storyboard;
			sourceTree = "<group>";
		};
		01A6C3C817E0587200CED64D /* InfoPlist.strings */ = {
			isa = PBXVariantGroup;
			children = (
				01A6C3C917E0587200CED64D /* en */,
			);
			name = InfoPlist.strings;
			sourceTree = "<group>";
		};
/* End PBXVariantGroup section */

/* Begin XCBuildConfiguration section */
		01A6C3CD17E0587200CED64D /* Debug */ = {
			isa = XCBuildConfiguration;
			buildSettings = {
				ALWAYS_SEARCH_USER_PATHS = NO;
				CLANG_CXX_LANGUAGE_STANDARD = "gnu++0x";
				CLANG_CXX_LIBRARY = "libc++";
				CLANG_ENABLE_MODULES = YES;
				CLANG_ENABLE_OBJC_ARC = YES;
				CLANG_WARN_BOOL_CONVERSION = YES;
				CLANG_WARN_CONSTANT_CONVERSION = YES;
				CLANG_WARN_DIRECT_OBJC_ISA_USAGE = YES_ERROR;
				CLANG_WARN_EMPTY_BODY = YES;
				CLANG_WARN_ENUM_CONVERSION = YES;
				CLANG_WARN_INT_CONVERSION = YES;
				CLANG_WARN_OBJC_ROOT_CLASS = YES_ERROR;
				CLANG_WARN__DUPLICATE_METHOD_MATCH = YES;
				"CODE_SIGN_IDENTITY[sdk=iphoneos*]" = "iPhone Developer";
				COPY_PHASE_STRIP = NO;
				GCC_C_LANGUAGE_STANDARD = gnu99;
				GCC_DYNAMIC_NO_PIC = NO;
				GCC_OPTIMIZATION_LEVEL = 0;
				GCC_PREPROCESSOR_DEFINITIONS = (
					"DEBUG=1",
					"$(inherited)",
				);
				GCC_SYMBOLS_PRIVATE_EXTERN = NO;
				GCC_WARN_ABOUT_RETURN_TYPE = YES_ERROR;
				GCC_WARN_UNDECLARED_SELECTOR = YES;
				GCC_WARN_UNINITIALIZED_AUTOS = YES;
				GCC_WARN_UNUSED_FUNCTION = YES;
				GCC_WARN_UNUSED_VARIABLE = YES;
				IPHONEOS_DEPLOYMENT_TARGET = 7.0;
				ONLY_ACTIVE_ARCH = YES;
				SDKROOT = iphoneos;
			};
			name = Debug;
		};
		01A6C3CE17E0587200CED64D /* Release */ = {
			isa = XCBuildConfiguration;
			buildSettings = {
				ALWAYS_SEARCH_USER_PATHS = NO;
				CLANG_CXX_LANGUAGE_STANDARD = "gnu++0x";
				CLANG_CXX_LIBRARY = "libc++";
				CLANG_ENABLE_MODULES = YES;
				CLANG_ENABLE_OBJC_ARC = YES;
				CLANG_WARN_BOOL_CONVERSION = YES;
				CLANG_WARN_CONSTANT_CONVERSION = YES;
				CLANG_WARN_DIRECT_OBJC_ISA_USAGE = YES_ERROR;
				CLANG_WARN_EMPTY_BODY = YES;
				CLANG_WARN_ENUM_CONVERSION = YES;
				CLANG_WARN_INT_CONVERSION = YES;
				CLANG_WARN_OBJC_ROOT_CLASS = YES_ERROR;
				CLANG_WARN__DUPLICATE_METHOD_MATCH = YES;
				"CODE_SIGN_IDENTITY[sdk=iphoneos*]" = "iPhone Developer";
				COPY_PHASE_STRIP = YES;
				ENABLE_NS_ASSERTIONS = NO;
				GCC_C_LANGUAGE_STANDARD = gnu99;
				GCC_WARN_ABOUT_RETURN_TYPE = YES_ERROR;
				GCC_WARN_UNDECLARED_SELECTOR = YES;
				GCC_WARN_UNINITIALIZED_AUTOS = YES;
				GCC_WARN_UNUSED_FUNCTION = YES;
				GCC_WARN_UNUSED_VARIABLE = YES;
				IPHONEOS_DEPLOYMENT_TARGET = 7.0;
				SDKROOT = iphoneos;
				VALIDATE_PRODUCT = YES;
			};
			name = Release;
		};
		01A6C3D017E0587200CED64D /* Debug */ = {
			isa = XCBuildConfiguration;
			buildSettings = {
				ASSETCATALOG_COMPILER_APPICON_NAME = AppIcon;
				ASSETCATALOG_COMPILER_LAUNCHIMAGE_NAME = LaunchImage;
				GCC_PRECOMPILE_PREFIX_HEADER = YES;
				GCC_PREFIX_HEADER = "Tumble/Tumble-Prefix.pch";
				INFOPLIST_FILE = "Tumble/Tumble-Info.plist";
				PRODUCT_NAME = "$(TARGET_NAME)";
				WRAPPER_EXTENSION = app;
			};
			name = Debug;
		};
		01A6C3D117E0587200CED64D /* Release */ = {
			isa = XCBuildConfiguration;
			buildSettings = {
				ASSETCATALOG_COMPILER_APPICON_NAME = AppIcon;
				ASSETCATALOG_COMPILER_LAUNCHIMAGE_NAME = LaunchImage;
				GCC_PRECOMPILE_PREFIX_HEADER = YES;
				GCC_PREFIX_HEADER = "Tumble/Tumble-Prefix.pch";
				INFOPLIST_FILE = "Tumble/Tumble-Info.plist";
				PRODUCT_NAME = "$(TARGET_NAME)";
				WRAPPER_EXTENSION = app;
			};
			name = Release;
		};
		01A6C3D317E0587200CED64D /* Debug */ = {
			isa = XCBuildConfiguration;
			buildSettings = {
				BUNDLE_LOADER = "$(BUILT_PRODUCTS_DIR)/Tumble.app/Tumble";
				FRAMEWORK_SEARCH_PATHS = (
					"$(SDKROOT)/Developer/Library/Frameworks",
					"$(inherited)",
					"$(DEVELOPER_FRAMEWORKS_DIR)",
				);
				GCC_PRECOMPILE_PREFIX_HEADER = YES;
				GCC_PREFIX_HEADER = "Tumble/Tumble-Prefix.pch";
				GCC_PREPROCESSOR_DEFINITIONS = (
					"DEBUG=1",
					"$(inherited)",
				);
				INFOPLIST_FILE = "TumbleTests/TumbleTests-Info.plist";
				PRODUCT_NAME = "$(TARGET_NAME)";
				TEST_HOST = "$(BUNDLE_LOADER)";
				WRAPPER_EXTENSION = xctest;
			};
			name = Debug;
		};
		01A6C3D417E0587200CED64D /* Release */ = {
			isa = XCBuildConfiguration;
			buildSettings = {
				BUNDLE_LOADER = "$(BUILT_PRODUCTS_DIR)/Tumble.app/Tumble";
				FRAMEWORK_SEARCH_PATHS = (
					"$(SDKROOT)/Developer/Library/Frameworks",
					"$(inherited)",
					"$(DEVELOPER_FRAMEWORKS_DIR)",
				);
				GCC_PRECOMPILE_PREFIX_HEADER = YES;
				GCC_PREFIX_HEADER = "Tumble/Tumble-Prefix.pch";
				INFOPLIST_FILE = "TumbleTests/TumbleTests-Info.plist";
				PRODUCT_NAME = "$(TARGET_NAME)";
				TEST_HOST = "$(BUNDLE_LOADER)";
				WRAPPER_EXTENSION = xctest;
			};
			name = Release;
		};
/* End XCBuildConfiguration section */

/* Begin XCConfigurationList section */
		01A6C39817E0587200CED64D /* Build configuration list for PBXProject "Tumble" */ = {
			isa = XCConfigurationList;
			buildConfigurations = (
				01A6C3CD17E0587200CED64D /* Debug */,
				01A6C3CE17E0587200CED64D /* Release */,
			);
			defaultConfigurationIsVisible = 0;
			defaultConfigurationName = Release;
		};
		01A6C3CF17E0587200CED64D /* Build configuration list for PBXNativeTarget "Tumble" */ = {
			isa = XCConfigurationList;
			buildConfigurations = (
				01A6C3D017E0587200CED64D /* Debug */,
				01A6C3D117E0587200CED64D /* Release */,
			);
			defaultConfigurationIsVisible = 0;
		};
		01A6C3D217E0587200CED64D /* Build configuration list for PBXNativeTarget "TumbleTests" */ = {
			isa = XCConfigurationList;
			buildConfigurations = (
				01A6C3D317E0587200CED64D /* Debug */,
				01A6C3D417E0587200CED64D /* Release */,
			);
			defaultConfigurationIsVisible = 0;
		};
/* End XCConfigurationList section */
	};
	rootObject = 01A6C39517E0587200CED64D /* Project object */;
}
